
Microsoft Visual Studio Solution File, Format Version 12.00
# Visual Studio 14
VisualStudioVersion = 14.0.24720.0
MinimumVisualStudioVersion = 10.0.40219.1
Project("{FAE04EC0-301F-11D3-BF4B-00C04F79EFBC}") = "Messages", "Messages\Messages.csproj", "{469517E8-5EA1-46CB-80E3-133D7192444B}"
EndProject
Project("{FAE04EC0-301F-11D3-BF4B-00C04F79EFBC}") = "FileIndexer.Service", "FileIndexer.Service\FileIndexer.Service.csproj", "{09794E9A-1D85-4E37-B92A-93935C90A9AD}"
EndProject
Project("{FAE04EC0-301F-11D3-BF4B-00C04F79EFBC}") = "FileIndexer.Console", "FileIndexer.Console\FileIndexer.Console.csproj", "{FDA715D4-E989-4595-813B-F7653215481E}"
EndProject
Project("{2150E333-8FDC-42A3-9474-1A3956D46DE8}") = "Clients", "Clients", "{E89B346A-9F82-49CF-A5F0-2A49B37A61CF}"
EndProject
Project("{2150E333-8FDC-42A3-9474-1A3956D46DE8}") = "Service", "Service", "{E6555186-EC5E-488C-8C3C-20ABEB81DAB1}"
EndProject
Project("{FAE04EC0-301F-11D3-BF4B-00C04F79EFBC}") = "FileIndexer.Helpers", "FileIndexer.Helpers\FileIndexer.Helpers.csproj", "{183C2630-1EF0-4510-B3E2-30DDDD6A4375}"
EndProject
Global
	GlobalSection(SolutionConfigurationPlatforms) = preSolution
		Debug|Any CPU = Debug|Any CPU
		Release|Any CPU = Release|Any CPU
	EndGlobalSection
	GlobalSection(ProjectConfigurationPlatforms) = postSolution
		{469517E8-5EA1-46CB-80E3-133D7192444B}.Debug|Any CPU.ActiveCfg = Debug|Any CPU
		{469517E8-5EA1-46CB-80E3-133D7192444B}.Debug|Any CPU.Build.0 = Debug|Any CPU
		{469517E8-5EA1-46CB-80E3-133D7192444B}.Release|Any CPU.ActiveCfg = Release|Any CPU
		{469517E8-5EA1-46CB-80E3-133D7192444B}.Release|Any CPU.Build.0 = Release|Any CPU
		{09794E9A-1D85-4E37-B92A-93935C90A9AD}.Debug|Any CPU.ActiveCfg = Debug|Any CPU
		{09794E9A-1D85-4E37-B92A-93935C90A9AD}.Debug|Any CPU.Build.0 = Debug|Any CPU
		{09794E9A-1D85-4E37-B92A-93935C90A9AD}.Release|Any CPU.ActiveCfg = Release|Any CPU
		{09794E9A-1D85-4E37-B92A-93935C90A9AD}.Release|Any CPU.Build.0 = Release|Any CPU
		{FDA715D4-E989-4595-813B-F7653215481E}.Debug|Any CPU.ActiveCfg = Debug|Any CPU
		{FDA715D4-E989-4595-813B-F7653215481E}.Debug|Any CPU.Build.0 = Debug|Any CPU
		{FDA715D4-E989-4595-813B-F7653215481E}.Release|Any CPU.ActiveCfg = Release|Any CPU
		{FDA715D4-E989-4595-813B-F7653215481E}.Release|Any CPU.Build.0 = Release|Any CPU
		{C21140E1-8480-43B4-B79C-A942C33A7EB1}.Debug|Any CPU.ActiveCfg = Debug|Any CPU
		{C21140E1-8480-43B4-B79C-A942C33A7EB1}.Debug|Any CPU.Build.0 = Debug|Any CPU
		{C21140E1-8480-43B4-B79C-A942C33A7EB1}.Release|Any CPU.ActiveCfg = Release|Any CPU
		{C21140E1-8480-43B4-B79C-A942C33A7EB1}.Release|Any CPU.Build.0 = Release|Any CPU
		{183C2630-1EF0-4510-B3E2-30DDDD6A4375}.Debug|Any CPU.ActiveCfg = Debug|Any CPU
		{183C2630-1EF0-4510-B3E2-30DDDD6A4375}.Debug|Any CPU.Build.0 = Debug|Any CPU
		{183C2630-1EF0-4510-B3E2-30DDDD6A4375}.Release|Any CPU.ActiveCfg = Release|Any CPU
		{183C2630-1EF0-4510-B3E2-30DDDD6A4375}.Release|Any CPU.Build.0 = Release|Any CPU
	EndGlobalSection
	GlobalSection(SolutionProperties) = preSolution
		HideSolutionNode = FALSE
	EndGlobalSection
	GlobalSection(NestedProjects) = preSolution
		{09794E9A-1D85-4E37-B92A-93935C90A9AD} = {E6555186-EC5E-488C-8C3C-20ABEB81DAB1}
		{FDA715D4-E989-4595-813B-F7653215481E} = {E89B346A-9F82-49CF-A5F0-2A49B37A61CF}
		{C21140E1-8480-43B4-B79C-A942C33A7EB1} = {E89B346A-9F82-49CF-A5F0-2A49B37A61CF}
	EndGlobalSection
EndGlobal
